// !$*UTF8*$!
{
	archiveVersion = 1;
	classes = {
	};
	objectVersion = 46;
	objects = {

/* Begin PBXBuildFile section */
		955D10F81D8A7C7300C4C41A /* AppDelegate.swift in Sources */ = {isa = PBXBuildFile; fileRef = 955D10F71D8A7C7300C4C41A /* AppDelegate.swift */; };
		955D10FD1D8A7C7300C4C41A /* Main.storyboard in Resources */ = {isa = PBXBuildFile; fileRef = 955D10FB1D8A7C7300C4C41A /* Main.storyboard */; };
		955D10FF1D8A7C7300C4C41A /* Assets.xcassets in Resources */ = {isa = PBXBuildFile; fileRef = 955D10FE1D8A7C7300C4C41A /* Assets.xcassets */; };
		955D11021D8A7C7300C4C41A /* LaunchScreen.storyboard in Resources */ = {isa = PBXBuildFile; fileRef = 955D11001D8A7C7300C4C41A /* LaunchScreen.storyboard */; };
		955D110D1D8A7C7300C4C41A /* CircularSpinnerExampleTests.swift in Sources */ = {isa = PBXBuildFile; fileRef = 955D110C1D8A7C7300C4C41A /* CircularSpinnerExampleTests.swift */; };
		955D11181D8A7C7300C4C41A /* CircularSpinnerExampleUITests.swift in Sources */ = {isa = PBXBuildFile; fileRef = 955D11171D8A7C7300C4C41A /* CircularSpinnerExampleUITests.swift */; };
		955D11271D8A7C9B00C4C41A /* CircularSpinner.swift in Sources */ = {isa = PBXBuildFile; fileRef = 955D11261D8A7C9B00C4C41A /* CircularSpinner.swift */; };
		955D11291D8A7CB000C4C41A /* CircularSpinner.xib in Resources */ = {isa = PBXBuildFile; fileRef = 955D11281D8A7CB000C4C41A /* CircularSpinner.xib */; };
		956AFE571D9044B700C74F5C /* ViewController.swift in Sources */ = {isa = PBXBuildFile; fileRef = 956AFE561D9044B700C74F5C /* ViewController.swift */; };
		95E747F21D8AD02E00A2D7CE /* Utils.swift in Sources */ = {isa = PBXBuildFile; fileRef = 95E747F11D8AD02E00A2D7CE /* Utils.swift */; };
/* End PBXBuildFile section */

/* Begin PBXContainerItemProxy section */
		955D11091D8A7C7300C4C41A /* PBXContainerItemProxy */ = {
			isa = PBXContainerItemProxy;
			containerPortal = 955D10EC1D8A7C7300C4C41A /* Project object */;
			proxyType = 1;
			remoteGlobalIDString = 955D10F31D8A7C7300C4C41A;
			remoteInfo = CircularSpinnerExample;
		};
		955D11141D8A7C7300C4C41A /* PBXContainerItemProxy */ = {
			isa = PBXContainerItemProxy;
			containerPortal = 955D10EC1D8A7C7300C4C41A /* Project object */;
			proxyType = 1;
			remoteGlobalIDString = 955D10F31D8A7C7300C4C41A;
			remoteInfo = CircularSpinnerExample;
		};
/* End PBXContainerItemProxy section */

/* Begin PBXFileReference section */
		955D10F41D8A7C7300C4C41A /* CircularSpinnerExample.app */ = {isa = PBXFileReference; explicitFileType = wrapper.application; includeInIndex = 0; path = CircularSpinnerExample.app; sourceTree = BUILT_PRODUCTS_DIR; };
		955D10F71D8A7C7300C4C41A /* AppDelegate.swift */ = {isa = PBXFileReference; lastKnownFileType = sourcecode.swift; path = AppDelegate.swift; sourceTree = "<group>"; };
		955D10FC1D8A7C7300C4C41A /* Base */ = {isa = PBXFileReference; lastKnownFileType = file.storyboard; name = Base; path = Base.lproj/Main.storyboard; sourceTree = "<group>"; };
		955D10FE1D8A7C7300C4C41A /* Assets.xcassets */ = {isa = PBXFileReference; lastKnownFileType = folder.assetcatalog; path = Assets.xcassets; sourceTree = "<group>"; };
		955D11011D8A7C7300C4C41A /* Base */ = {isa = PBXFileReference; lastKnownFileType = file.storyboard; name = Base; path = Base.lproj/LaunchScreen.storyboard; sourceTree = "<group>"; };
		955D11031D8A7C7300C4C41A /* Info.plist */ = {isa = PBXFileReference; lastKnownFileType = text.plist.xml; path = Info.plist; sourceTree = "<group>"; };
		955D11081D8A7C7300C4C41A /* CircularSpinnerExampleTests.xctest */ = {isa = PBXFileReference; explicitFileType = wrapper.cfbundle; includeInIndex = 0; path = CircularSpinnerExampleTests.xctest; sourceTree = BUILT_PRODUCTS_DIR; };
		955D110C1D8A7C7300C4C41A /* CircularSpinnerExampleTests.swift */ = {isa = PBXFileReference; lastKnownFileType = sourcecode.swift; path = CircularSpinnerExampleTests.swift; sourceTree = "<group>"; };
		955D110E1D8A7C7300C4C41A /* Info.plist */ = {isa = PBXFileReference; lastKnownFileType = text.plist.xml; path = Info.plist; sourceTree = "<group>"; };
		955D11131D8A7C7300C4C41A /* CircularSpinnerExampleUITests.xctest */ = {isa = PBXFileReference; explicitFileType = wrapper.cfbundle; includeInIndex = 0; path = CircularSpinnerExampleUITests.xctest; sourceTree = BUILT_PRODUCTS_DIR; };
		955D11171D8A7C7300C4C41A /* CircularSpinnerExampleUITests.swift */ = {isa = PBXFileReference; lastKnownFileType = sourcecode.swift; path = CircularSpinnerExampleUITests.swift; sourceTree = "<group>"; };
		955D11191D8A7C7300C4C41A /* Info.plist */ = {isa = PBXFileReference; lastKnownFileType = text.plist.xml; path = Info.plist; sourceTree = "<group>"; };
		955D11261D8A7C9B00C4C41A /* CircularSpinner.swift */ = {isa = PBXFileReference; fileEncoding = 4; lastKnownFileType = sourcecode.swift; name = CircularSpinner.swift; path = CircularSpinner/CircularSpinner.swift; sourceTree = "<group>"; };
		955D11281D8A7CB000C4C41A /* CircularSpinner.xib */ = {isa = PBXFileReference; fileEncoding = 4; lastKnownFileType = file.xib; name = CircularSpinner.xib; path = CircularSpinner/CircularSpinner.xib; sourceTree = "<group>"; };
		956AFE561D9044B700C74F5C /* ViewController.swift */ = {isa = PBXFileReference; fileEncoding = 4; lastKnownFileType = sourcecode.swift; path = ViewController.swift; sourceTree = "<group>"; };
		95E747F11D8AD02E00A2D7CE /* Utils.swift */ = {isa = PBXFileReference; fileEncoding = 4; lastKnownFileType = sourcecode.swift; path = Utils.swift; sourceTree = "<group>"; };
/* End PBXFileReference section */

/* Begin PBXFrameworksBuildPhase section */
		955D10F11D8A7C7300C4C41A /* Frameworks */ = {
			isa = PBXFrameworksBuildPhase;
			buildActionMask = 2147483647;
			files = (
			);
			runOnlyForDeploymentPostprocessing = 0;
		};
		955D11051D8A7C7300C4C41A /* Frameworks */ = {
			isa = PBXFrameworksBuildPhase;
			buildActionMask = 2147483647;
			files = (
			);
			runOnlyForDeploymentPostprocessing = 0;
		};
		955D11101D8A7C7300C4C41A /* Frameworks */ = {
			isa = PBXFrameworksBuildPhase;
			buildActionMask = 2147483647;
			files = (
			);
			runOnlyForDeploymentPostprocessing = 0;
		};
/* End PBXFrameworksBuildPhase section */

/* Begin PBXGroup section */
		955D10EB1D8A7C7300C4C41A = {
			isa = PBXGroup;
			children = (
				955D10F61D8A7C7300C4C41A /* CircularSpinnerExample */,
				955D110B1D8A7C7300C4C41A /* CircularSpinnerExampleTests */,
				955D11161D8A7C7300C4C41A /* CircularSpinnerExampleUITests */,
				955D10F51D8A7C7300C4C41A /* Products */,
			);
			sourceTree = "<group>";
		};
		955D10F51D8A7C7300C4C41A /* Products */ = {
			isa = PBXGroup;
			children = (
				955D10F41D8A7C7300C4C41A /* CircularSpinnerExample.app */,
				955D11081D8A7C7300C4C41A /* CircularSpinnerExampleTests.xctest */,
				955D11131D8A7C7300C4C41A /* CircularSpinnerExampleUITests.xctest */,
			);
			name = Products;
			sourceTree = "<group>";
		};
		955D10F61D8A7C7300C4C41A /* CircularSpinnerExample */ = {
			isa = PBXGroup;
			children = (
				955D11251D8A7C8300C4C41A /* CircularSpinner */,
				955D10F71D8A7C7300C4C41A /* AppDelegate.swift */,
				956AFE561D9044B700C74F5C /* ViewController.swift */,
				95E747F11D8AD02E00A2D7CE /* Utils.swift */,
				955D10FB1D8A7C7300C4C41A /* Main.storyboard */,
				955D10FE1D8A7C7300C4C41A /* Assets.xcassets */,
				955D11001D8A7C7300C4C41A /* LaunchScreen.storyboard */,
				955D11031D8A7C7300C4C41A /* Info.plist */,
			);
			path = CircularSpinnerExample;
			sourceTree = "<group>";
		};
		955D110B1D8A7C7300C4C41A /* CircularSpinnerExampleTests */ = {
			isa = PBXGroup;
			children = (
				955D110C1D8A7C7300C4C41A /* CircularSpinnerExampleTests.swift */,
				955D110E1D8A7C7300C4C41A /* Info.plist */,
			);
			path = CircularSpinnerExampleTests;
			sourceTree = "<group>";
		};
		955D11161D8A7C7300C4C41A /* CircularSpinnerExampleUITests */ = {
			isa = PBXGroup;
			children = (
				955D11171D8A7C7300C4C41A /* CircularSpinnerExampleUITests.swift */,
				955D11191D8A7C7300C4C41A /* Info.plist */,
			);
			path = CircularSpinnerExampleUITests;
			sourceTree = "<group>";
		};
		955D11251D8A7C8300C4C41A /* CircularSpinner */ = {
			isa = PBXGroup;
			children = (
				955D11261D8A7C9B00C4C41A /* CircularSpinner.swift */,
				955D11281D8A7CB000C4C41A /* CircularSpinner.xib */,
			);
			name = CircularSpinner;
			sourceTree = "<group>";
		};
/* End PBXGroup section */

/* Begin PBXNativeTarget section */
		955D10F31D8A7C7300C4C41A /* CircularSpinnerExample */ = {
			isa = PBXNativeTarget;
			buildConfigurationList = 955D111C1D8A7C7300C4C41A /* Build configuration list for PBXNativeTarget "CircularSpinnerExample" */;
			buildPhases = (
				955D10F01D8A7C7300C4C41A /* Sources */,
				955D10F11D8A7C7300C4C41A /* Frameworks */,
				955D10F21D8A7C7300C4C41A /* Resources */,
			);
			buildRules = (
			);
			dependencies = (
			);
			name = CircularSpinnerExample;
			productName = CircularSpinnerExample;
			productReference = 955D10F41D8A7C7300C4C41A /* CircularSpinnerExample.app */;
			productType = "com.apple.product-type.application";
		};
		955D11071D8A7C7300C4C41A /* CircularSpinnerExampleTests */ = {
			isa = PBXNativeTarget;
			buildConfigurationList = 955D111F1D8A7C7300C4C41A /* Build configuration list for PBXNativeTarget "CircularSpinnerExampleTests" */;
			buildPhases = (
				955D11041D8A7C7300C4C41A /* Sources */,
				955D11051D8A7C7300C4C41A /* Frameworks */,
				955D11061D8A7C7300C4C41A /* Resources */,
			);
			buildRules = (
			);
			dependencies = (
				955D110A1D8A7C7300C4C41A /* PBXTargetDependency */,
			);
			name = CircularSpinnerExampleTests;
			productName = CircularSpinnerExampleTests;
			productReference = 955D11081D8A7C7300C4C41A /* CircularSpinnerExampleTests.xctest */;
			productType = "com.apple.product-type.bundle.unit-test";
		};
		955D11121D8A7C7300C4C41A /* CircularSpinnerExampleUITests */ = {
			isa = PBXNativeTarget;
			buildConfigurationList = 955D11221D8A7C7300C4C41A /* Build configuration list for PBXNativeTarget "CircularSpinnerExampleUITests" */;
			buildPhases = (
				955D110F1D8A7C7300C4C41A /* Sources */,
				955D11101D8A7C7300C4C41A /* Frameworks */,
				955D11111D8A7C7300C4C41A /* Resources */,
			);
			buildRules = (
			);
			dependencies = (
				955D11151D8A7C7300C4C41A /* PBXTargetDependency */,
			);
			name = CircularSpinnerExampleUITests;
			productName = CircularSpinnerExampleUITests;
			productReference = 955D11131D8A7C7300C4C41A /* CircularSpinnerExampleUITests.xctest */;
			productType = "com.apple.product-type.bundle.ui-testing";
		};
/* End PBXNativeTarget section */

/* Begin PBXProject section */
		955D10EC1D8A7C7300C4C41A /* Project object */ = {
			isa = PBXProject;
			attributes = {
				LastSwiftUpdateCheck = 0730;
				LastUpgradeCheck = 0730;
				ORGANIZATIONNAME = "Matteo Tagliafico";
				TargetAttributes = {
					955D10F31D8A7C7300C4C41A = {
						CreatedOnToolsVersion = 7.3.1;
					};
					955D11071D8A7C7300C4C41A = {
						CreatedOnToolsVersion = 7.3.1;
						TestTargetID = 955D10F31D8A7C7300C4C41A;
					};
					955D11121D8A7C7300C4C41A = {
						CreatedOnToolsVersion = 7.3.1;
						TestTargetID = 955D10F31D8A7C7300C4C41A;
					};
				};
			};
			buildConfigurationList = 955D10EF1D8A7C7300C4C41A /* Build configuration list for PBXProject "CircularSpinnerExample" */;
			compatibilityVersion = "Xcode 3.2";
			developmentRegion = English;
			hasScannedForEncodings = 0;
			knownRegions = (
				en,
				Base,
			);
			mainGroup = 955D10EB1D8A7C7300C4C41A;
			productRefGroup = 955D10F51D8A7C7300C4C41A /* Products */;
			projectDirPath = "";
			projectRoot = "";
			targets = (
				955D10F31D8A7C7300C4C41A /* CircularSpinnerExample */,
				955D11071D8A7C7300C4C41A /* CircularSpinnerExampleTests */,
				955D11121D8A7C7300C4C41A /* CircularSpinnerExampleUITests */,
			);
		};
/* End PBXProject section */

/* Begin PBXResourcesBuildPhase section */
		955D10F21D8A7C7300C4C41A /* Resources */ = {
			isa = PBXResourcesBuildPhase;
			buildActionMask = 2147483647;
			files = (
				955D11291D8A7CB000C4C41A /* CircularSpinner.xib in Resources */,
				955D11021D8A7C7300C4C41A /* LaunchScreen.storyboard in Resources */,
				955D10FF1D8A7C7300C4C41A /* Assets.xcassets in Resources */,
				955D10FD1D8A7C7300C4C41A /* Main.storyboard in Resources */,
			);
			runOnlyForDeploymentPostprocessing = 0;
		};
		955D11061D8A7C7300C4C41A /* Resources */ = {
			isa = PBXResourcesBuildPhase;
			buildActionMask = 2147483647;
			files = (
			);
			runOnlyForDeploymentPostprocessing = 0;
		};
		955D11111D8A7C7300C4C41A /* Resources */ = {
			isa = PBXResourcesBuildPhase;
			buildActionMask = 2147483647;
			files = (
			);
			runOnlyForDeploymentPostprocessing = 0;
		};
/* End PBXResourcesBuildPhase section */

/* Begin PBXSourcesBuildPhase section */
		955D10F01D8A7C7300C4C41A /* Sources */ = {
			isa = PBXSourcesBuildPhase;
			buildActionMask = 2147483647;
			files = (
				956AFE571D9044B700C74F5C /* ViewController.swift in Sources */,
				955D11271D8A7C9B00C4C41A /* CircularSpinner.swift in Sources */,
				955D10F81D8A7C7300C4C41A /* AppDelegate.swift in Sources */,
				95E747F21D8AD02E00A2D7CE /* Utils.swift in Sources */,
			);
			runOnlyForDeploymentPostprocessing = 0;
		};
		955D11041D8A7C7300C4C41A /* Sources */ = {
			isa = PBXSourcesBuildPhase;
			buildActionMask = 2147483647;
			files = (
				955D110D1D8A7C7300C4C41A /* CircularSpinnerExampleTests.swift in Sources */,
			);
			runOnlyForDeploymentPostprocessing = 0;
		};
		955D110F1D8A7C7300C4C41A /* Sources */ = {
			isa = PBXSourcesBuildPhase;
			buildActionMask = 2147483647;
			files = (
				955D11181D8A7C7300C4C41A /* CircularSpinnerExampleUITests.swift in Sources */,
			);
			runOnlyForDeploymentPostprocessing = 0;
		};
/* End PBXSourcesBuildPhase section */

/* Begin PBXTargetDependency section */
		955D110A1D8A7C7300C4C41A /* PBXTargetDependency */ = {
			isa = PBXTargetDependency;
			target = 955D10F31D8A7C7300C4C41A /* CircularSpinnerExample */;
			targetProxy = 955D11091D8A7C7300C4C41A /* PBXContainerItemProxy */;
		};
		955D11151D8A7C7300C4C41A /* PBXTargetDependency */ = {
			isa = PBXTargetDependency;
			target = 955D10F31D8A7C7300C4C41A /* CircularSpinnerExample */;
			targetProxy = 955D11141D8A7C7300C4C41A /* PBXContainerItemProxy */;
		};
/* End PBXTargetDependency section */

/* Begin PBXVariantGroup section */
		955D10FB1D8A7C7300C4C41A /* Main.storyboard */ = {
			isa = PBXVariantGroup;
			children = (
				955D10FC1D8A7C7300C4C41A /* Base */,
			);
			name = Main.storyboard;
			sourceTree = "<group>";
		};
		955D11001D8A7C7300C4C41A /* LaunchScreen.storyboard */ = {
			isa = PBXVariantGroup;
			children = (
				955D11011D8A7C7300C4C41A /* Base */,
			);
			name = LaunchScreen.storyboard;
			sourceTree = "<group>";
		};
/* End PBXVariantGroup section */

/* Begin XCBuildConfiguration section */
		955D111A1D8A7C7300C4C41A /* Debug */ = {
			isa = XCBuildConfiguration;
			buildSettings = {
				ALWAYS_SEARCH_USER_PATHS = NO;
				CLANG_ANALYZER_NONNULL = YES;
				CLANG_CXX_LANGUAGE_STANDARD = "gnu++0x";
				CLANG_CXX_LIBRARY = "libc++";
				CLANG_ENABLE_MODULES = YES;
				CLANG_ENABLE_OBJC_ARC = YES;
				CLANG_WARN_BOOL_CONVERSION = YES;
				CLANG_WARN_CONSTANT_CONVERSION = YES;
				CLANG_WARN_DIRECT_OBJC_ISA_USAGE = YES_ERROR;
				CLANG_WARN_EMPTY_BODY = YES;
				CLANG_WARN_ENUM_CONVERSION = YES;
				CLANG_WARN_INT_CONVERSION = YES;
				CLANG_WARN_OBJC_ROOT_CLASS = YES_ERROR;
				CLANG_WARN_UNREACHABLE_CODE = YES;
				CLANG_WARN__DUPLICATE_METHOD_MATCH = YES;
				"CODE_SIGN_IDENTITY[sdk=iphoneos*]" = "iPhone Developer";
				COPY_PHASE_STRIP = NO;
				DEBUG_INFORMATION_FORMAT = dwarf;
				ENABLE_STRICT_OBJC_MSGSEND = YES;
				ENABLE_TESTABILITY = YES;
				GCC_C_LANGUAGE_STANDARD = gnu99;
				GCC_DYNAMIC_NO_PIC = NO;
				GCC_NO_COMMON_BLOCKS = YES;
				GCC_OPTIMIZATION_LEVEL = 0;
				GCC_PREPROCESSOR_DEFINITIONS = (
					"DEBUG=1",
					"$(inherited)",
				);
				GCC_WARN_64_TO_32_BIT_CONVERSION = YES;
				GCC_WARN_ABOUT_RETURN_TYPE = YES_ERROR;
				GCC_WARN_UNDECLARED_SELECTOR = YES;
				GCC_WARN_UNINITIALIZED_AUTOS = YES_AGGRESSIVE;
				GCC_WARN_UNUSED_FUNCTION = YES;
				GCC_WARN_UNUSED_VARIABLE = YES;
				IPHONEOS_DEPLOYMENT_TARGET = 9.3;
				MTL_ENABLE_DEBUG_INFO = YES;
				ONLY_ACTIVE_ARCH = YES;
				SDKROOT = iphoneos;
				SWIFT_OPTIMIZATION_LEVEL = "-Onone";
				TARGETED_DEVICE_FAMILY = "1,2";
			};
			name = Debug;
		};
		955D111B1D8A7C7300C4C41A /* Release */ = {
			isa = XCBuildConfiguration;
			buildSettings = {
				ALWAYS_SEARCH_USER_PATHS = NO;
				CLANG_ANALYZER_NONNULL = YES;
				CLANG_CXX_LANGUAGE_STANDARD = "gnu++0x";
				CLANG_CXX_LIBRARY = "libc++";
				CLANG_ENABLE_MODULES = YES;
				CLANG_ENABLE_OBJC_ARC = YES;
				CLANG_WARN_BOOL_CONVERSION = YES;
				CLANG_WARN_CONSTANT_CONVERSION = YES;
				CLANG_WARN_DIRECT_OBJC_ISA_USAGE = YES_ERROR;
				CLANG_WARN_EMPTY_BODY = YES;
				CLANG_WARN_ENUM_CONVERSION = YES;
				CLANG_WARN_INT_CONVERSION = YES;
				CLANG_WARN_OBJC_ROOT_CLASS = YES_ERROR;
				CLANG_WARN_UNREACHABLE_CODE = YES;
				CLANG_WARN__DUPLICATE_METHOD_MATCH = YES;
				"CODE_SIGN_IDENTITY[sdk=iphoneos*]" = "iPhone Developer";
				COPY_PHASE_STRIP = NO;
				DEBUG_INFORMATION_FORMAT = "dwarf-with-dsym";
				ENABLE_NS_ASSERTIONS = NO;
				ENABLE_STRICT_OBJC_MSGSEND = YES;
				GCC_C_LANGUAGE_STANDARD = gnu99;
				GCC_NO_COMMON_BLOCKS = YES;
				GCC_WARN_64_TO_32_BIT_CONVERSION = YES;
				GCC_WARN_ABOUT_RETURN_TYPE = YES_ERROR;
				GCC_WARN_UNDECLARED_SELECTOR = YES;
				GCC_WARN_UNINITIALIZED_AUTOS = YES_AGGRESSIVE;
				GCC_WARN_UNUSED_FUNCTION = YES;
				GCC_WARN_UNUSED_VARIABLE = YES;
				IPHONEOS_DEPLOYMENT_TARGET = 9.3;
				MTL_ENABLE_DEBUG_INFO = NO;
				SDKROOT = iphoneos;
				TARGETED_DEVICE_FAMILY = "1,2";
				VALIDATE_PRODUCT = YES;
			};
			name = Release;
		};
		955D111D1D8A7C7300C4C41A /* Debug */ = {
			isa = XCBuildConfiguration;
			buildSettings = {
				ASSETCATALOG_COMPILER_APPICON_NAME = AppIcon;
				INFOPLIST_FILE = CircularSpinnerExample/Info.plist;
				IPHONEOS_DEPLOYMENT_TARGET = 8.2;
				LD_RUNPATH_SEARCH_PATHS = "$(inherited) @executable_path/Frameworks";
				PRODUCT_BUNDLE_IDENTIFIER = tigielle.CircularSpinnerExample;
				PRODUCT_NAME = "$(TARGET_NAME)";
			};
			name = Debug;
		};
		955D111E1D8A7C7300C4C41A /* Release */ = {
			isa = XCBuildConfiguration;
			buildSettings = {
				ASSETCATALOG_COMPILER_APPICON_NAME = AppIcon;
				INFOPLIST_FILE = CircularSpinnerExample/Info.plist;
				IPHONEOS_DEPLOYMENT_TARGET = 8.2;
				LD_RUNPATH_SEARCH_PATHS = "$(inherited) @executable_path/Frameworks";
				PRODUCT_BUNDLE_IDENTIFIER = tigielle.CircularSpinnerExample;
				PRODUCT_NAME = "$(TARGET_NAME)";
			};
			name = Release;
		};
		955D11201D8A7C7300C4C41A /* Debug */ = {
			isa = XCBuildConfiguration;
			buildSettings = {
				BUNDLE_LOADER = "$(TEST_HOST)";
				INFOPLIST_FILE = CircularSpinnerExampleTests/Info.plist;
				LD_RUNPATH_SEARCH_PATHS = "$(inherited) @executable_path/Frameworks @loader_path/Frameworks";
				PRODUCT_BUNDLE_IDENTIFIER = tigielle.CircularSpinnerExampleTests;
				PRODUCT_NAME = "$(TARGET_NAME)";
				TEST_HOST = "$(BUILT_PRODUCTS_DIR)/CircularSpinnerExample.app/CircularSpinnerExample";
			};
			name = Debug;
		};
		955D11211D8A7C7300C4C41A /* Release */ = {
			isa = XCBuildConfiguration;
			buildSettings = {
				BUNDLE_LOADER = "$(TEST_HOST)";
				INFOPLIST_FILE = CircularSpinnerExampleTests/Info.plist;
				LD_RUNPATH_SEARCH_PATHS = "$(inherited) @executable_path/Frameworks @loader_path/Frameworks";
				PRODUCT_BUNDLE_IDENTIFIER = tigielle.CircularSpinnerExampleTests;
				PRODUCT_NAME = "$(TARGET_NAME)";
				TEST_HOST = "$(BUILT_PRODUCTS_DIR)/CircularSpinnerExample.app/CircularSpinnerExample";
			};
			name = Release;
		};
		955D11231D8A7C7300C4C41A /* Debug */ = {
			isa = XCBuildConfiguration;
			buildSettings = {
				INFOPLIST_FILE = CircularSpinnerExampleUITests/Info.plist;
				LD_RUNPATH_SEARCH_PATHS = "$(inherited) @executable_path/Frameworks @loader_path/Frameworks";
				PRODUCT_BUNDLE_IDENTIFIER = tigielle.CircularSpinnerExampleUITests;
				PRODUCT_NAME = "$(TARGET_NAME)";
				TEST_TARGET_NAME = CircularSpinnerExample;
			};
			name = Debug;
		};
		955D11241D8A7C7300C4C41A /* Release */ = {
			isa = XCBuildConfiguration;
			buildSettings = {
				INFOPLIST_FILE = CircularSpinnerExampleUITests/Info.plist;
				LD_RUNPATH_SEARCH_PATHS = "$(inherited) @executable_path/Frameworks @loader_path/Frameworks";
				PRODUCT_BUNDLE_IDENTIFIER = tigielle.CircularSpinnerExampleUITests;
				PRODUCT_NAME = "$(TARGET_NAME)";
				TEST_TARGET_NAME = CircularSpinnerExample;
			};
			name = Release;
		};
/* End XCBuildConfiguration section */

/* Begin XCConfigurationList section */
		955D10EF1D8A7C7300C4C41A /* Build configuration list for PBXProject "CircularSpinnerExample" */ = {
			isa = XCConfigurationList;
			buildConfigurations = (
				955D111A1D8A7C7300C4C41A /* Debug */,
				955D111B1D8A7C7300C4C41A /* Release */,
			);
			defaultConfigurationIsVisible = 0;
			defaultConfigurationName = Release;
		};
		955D111C1D8A7C7300C4C41A /* Build configuration list for PBXNativeTarget "CircularSpinnerExample" */ = {
			isa = XCConfigurationList;
			buildConfigurations = (
				955D111D1D8A7C7300C4C41A /* Debug */,
				955D111E1D8A7C7300C4C41A /* Release */,
			);
			defaultConfigurationIsVisible = 0;
			defaultConfigurationName = Release;
		};
		955D111F1D8A7C7300C4C41A /* Build configuration list for PBXNativeTarget "CircularSpinnerExampleTests" */ = {
			isa = XCConfigurationList;
			buildConfigurations = (
				955D11201D8A7C7300C4C41A /* Debug */,
				955D11211D8A7C7300C4C41A /* Release */,
			);
			defaultConfigurationIsVisible = 0;
			defaultConfigurationName = Release;
		};
		955D11221D8A7C7300C4C41A /* Build configuration list for PBXNativeTarget "CircularSpinnerExampleUITests" */ = {
			isa = XCConfigurationList;
			buildConfigurations = (
				955D11231D8A7C7300C4C41A /* Debug */,
				955D11241D8A7C7300C4C41A /* Release */,
			);
			defaultConfigurationIsVisible = 0;
			defaultConfigurationName = Release;
		};
/* End XCConfigurationList section */
	};
	rootObject = 955D10EC1D8A7C7300C4C41A /* Project object */;
}
